
Microsoft Visual Studio Solution File, Format Version 12.00
# Visual Studio 14
VisualStudioVersion = 14.0.25123.0
MinimumVisualStudioVersion = 10.0.40219.1
Project("{FAE04EC0-301F-11D3-BF4B-00C04F79EFBC}") = "WebApp", "WebApp\WebApp.csproj", "{BCD18A90-F19A-4487-9C70-FDD439F51453}"
EndProject
Project("{00D1A9C2-B5F0-4AF3-8072-F6C62B433612}") = "Database", "Database\Database.sqlproj", "{99B75F7B-8FA0-4C83-9C1F-B449942E7A89}"
EndProject
Global
	GlobalSection(SolutionConfigurationPlatforms) = preSolution
		Debug|Any CPU = Debug|Any CPU
		Release|Any CPU = Release|Any CPU
	EndGlobalSection
	GlobalSection(ProjectConfigurationPlatforms) = postSolution
		{BCD18A90-F19A-4487-9C70-FDD439F51453}.Debug|Any CPU.ActiveCfg = Debug|Any CPU
		{BCD18A90-F19A-4487-9C70-FDD439F51453}.Debug|Any CPU.Build.0 = Debug|Any CPU
		{BCD18A90-F19A-4487-9C70-FDD439F51453}.Release|Any CPU.ActiveCfg = Release|Any CPU
		{BCD18A90-F19A-4487-9C70-FDD439F51453}.Release|Any CPU.Build.0 = Release|Any CPU
		{99B75F7B-8FA0-4C83-9C1F-B449942E7A89}.Debug|Any CPU.ActiveCfg = Debug|Any CPU
		{99B75F7B-8FA0-4C83-9C1F-B449942E7A89}.Debug|Any CPU.Build.0 = Debug|Any CPU
		{99B75F7B-8FA0-4C83-9C1F-B449942E7A89}.Debug|Any CPU.Deploy.0 = Debug|Any CPU
		{99B75F7B-8FA0-4C83-9C1F-B449942E7A89}.Release|Any CPU.ActiveCfg = Release|Any CPU
		{99B75F7B-8FA0-4C83-9C1F-B449942E7A89}.Release|Any CPU.Build.0 = Release|Any CPU
		{99B75F7B-8FA0-4C83-9C1F-B449942E7A89}.Release|Any CPU.Deploy.0 = Release|Any CPU
	EndGlobalSection
	GlobalSection(SolutionProperties) = preSolution
		HideSolutionNode = FALSE
	EndGlobalSection
EndGlobal
